
Microsoft Visual Studio Solution File, Format Version 12.00
# Visual Studio 15
VisualStudioVersion = 15.0.28010.2036
MinimumVisualStudioVersion = 10.0.40219.1
Project("{FAE04EC0-301F-11D3-BF4B-00C04F79EFBC}") = "Vysl1GraphCoreConsoleApp", "Vysl1GraphCoreConsoleApp\Vysl1GraphCoreConsoleApp.csproj", "{8BE1B8A4-7DD9-4B0F-8843-00C18E1CA9D2}"
EndProject
Global
	GlobalSection(SolutionConfigurationPlatforms) = preSolution
		Debug|Any CPU = Debug|Any CPU
		Release|Any CPU = Release|Any CPU
	EndGlobalSection
	GlobalSection(ProjectConfigurationPlatforms) = postSolution
		{8BE1B8A4-7DD9-4B0F-8843-00C18E1CA9D2}.Debug|Any CPU.ActiveCfg = Debug|Any CPU
		{8BE1B8A4-7DD9-4B0F-8843-00C18E1CA9D2}.Debug|Any CPU.Build.0 = Debug|Any CPU
		{8BE1B8A4-7DD9-4B0F-8843-00C18E1CA9D2}.Release|Any CPU.ActiveCfg = Release|Any CPU
		{8BE1B8A4-7DD9-4B0F-8843-00C18E1CA9D2}.Release|Any CPU.Build.0 = Release|Any CPU
	EndGlobalSection
	GlobalSection(SolutionProperties) = preSolution
		HideSolutionNode = FALSE
	EndGlobalSection
	GlobalSection(ExtensibilityGlobals) = postSolution
		SolutionGuid = {7A32D96E-CDCC-4E48-8053-6CFC735C87A3}
	EndGlobalSection
EndGlobal
